// !$*UTF8*$!
{
	archiveVersion = 1;
	classes = {
	};
	objectVersion = 46;
	objects = {

/* Begin PBXBuildFile section */
		4135E4AC1AEE887A0026D958 /* FunikiIllumi.storyboard in Resources */ = {isa = PBXBuildFile; fileRef = 4135E4AE1AEE887A0026D958 /* FunikiIllumi.storyboard */; };
		4135E4BB1AEE8CC00026D958 /* Localizable.strings in Resources */ = {isa = PBXBuildFile; fileRef = 4135E4BD1AEE8CC00026D958 /* Localizable.strings */; };
		4135E4C11AEE98580026D958 /* InfoPlist.strings in Resources */ = {isa = PBXBuildFile; fileRef = 4135E4C31AEE98580026D958 /* InfoPlist.strings */; };
		4135E4C61AEE99B00026D958 /* iAd.framework in Frameworks */ = {isa = PBXBuildFile; fileRef = 4135E4C51AEE99B00026D958 /* iAd.framework */; };
		414FE4241AEF2E070083B09C /* MMWormhole.m in Sources */ = {isa = PBXBuildFile; fileRef = 414FE4231AEF2E070083B09C /* MMWormhole.m */; };
		414FE4251AEF2E070083B09C /* MMWormhole.m in Sources */ = {isa = PBXBuildFile; fileRef = 414FE4231AEF2E070083B09C /* MMWormhole.m */; };
		41F43C731AE7463600B3F400 /* AppDelegate.swift in Sources */ = {isa = PBXBuildFile; fileRef = 41F43C6E1AE7463600B3F400 /* AppDelegate.swift */; };
		41F43C741AE7463600B3F400 /* FunikiDevicePickerViewController.swift in Sources */ = {isa = PBXBuildFile; fileRef = 41F43C6F1AE7463600B3F400 /* FunikiDevicePickerViewController.swift */; };
		41F43C761AE7463600B3F400 /* FunikiIllumiMotionViewController.swift in Sources */ = {isa = PBXBuildFile; fileRef = 41F43C711AE7463600B3F400 /* FunikiIllumiMotionViewController.swift */; };
		41F43C771AE7463600B3F400 /* FunikiIllumiViewController.swift in Sources */ = {isa = PBXBuildFile; fileRef = 41F43C721AE7463600B3F400 /* FunikiIllumiViewController.swift */; };
		41F43C791AE7464600B3F400 /* Images.xcassets in Resources */ = {isa = PBXBuildFile; fileRef = 41F43C781AE7464600B3F400 /* Images.xcassets */; };
		41F6BCDD1AE7A80A005D60B0 /* InterfaceController.swift in Sources */ = {isa = PBXBuildFile; fileRef = 41F6BCDC1AE7A80A005D60B0 /* InterfaceController.swift */; };
		41F6BCDF1AE7A80A005D60B0 /* Images.xcassets in Resources */ = {isa = PBXBuildFile; fileRef = 41F6BCDE1AE7A80A005D60B0 /* Images.xcassets */; };
		41F6BCE31AE7A80A005D60B0 /* FunikiIllumi WatchKit App.app in Resources */ = {isa = PBXBuildFile; fileRef = 41F6BCE21AE7A80A005D60B0 /* FunikiIllumi WatchKit App.app */; };
		41F6BCEB1AE7A80A005D60B0 /* Interface.storyboard in Resources */ = {isa = PBXBuildFile; fileRef = 41F6BCE91AE7A80A005D60B0 /* Interface.storyboard */; };
		41F6BCED1AE7A80A005D60B0 /* Images.xcassets in Resources */ = {isa = PBXBuildFile; fileRef = 41F6BCEC1AE7A80A005D60B0 /* Images.xcassets */; };
		41F6BCF01AE7A80A005D60B0 /* FunikiIllumi WatchKit Extension.appex in Embed App Extensions */ = {isa = PBXBuildFile; fileRef = 41F6BCD81AE7A80A005D60B0 /* FunikiIllumi WatchKit Extension.appex */; settings = {ATTRIBUTES = (RemoveHeadersOnCopy, ); }; };
		41F6BCF91AE7E7B0005D60B0 /* LaunchScreen.xib in Resources */ = {isa = PBXBuildFile; fileRef = 41F6BCF81AE7E7B0005D60B0 /* LaunchScreen.xib */; };
		8C79FE371A7DC0310091F040 /* libFunikiSDK.a in Frameworks */ = {isa = PBXBuildFile; fileRef = 8C79FE361A7DC0310091F040 /* libFunikiSDK.a */; };
		8CA309A01A8C4AB0002A2DD3 /* Funiki.m in Sources */ = {isa = PBXBuildFile; fileRef = 8CA3099E1A8C4AB0002A2DD3 /* Funiki.m */; };
/* End PBXBuildFile section */

/* Begin PBXContainerItemProxy section */
		41F6BCE41AE7A80A005D60B0 /* PBXContainerItemProxy */ = {
			isa = PBXContainerItemProxy;
			containerPortal = 8C79FDFD1A7DBEB80091F040 /* Project object */;
			proxyType = 1;
			remoteGlobalIDString = 41F6BCE11AE7A80A005D60B0;
			remoteInfo = "FunikiIllumi WatchKit App";
		};
		41F6BCEE1AE7A80A005D60B0 /* PBXContainerItemProxy */ = {
			isa = PBXContainerItemProxy;
			containerPortal = 8C79FDFD1A7DBEB80091F040 /* Project object */;
			proxyType = 1;
			remoteGlobalIDString = 41F6BCD71AE7A80A005D60B0;
			remoteInfo = "FunikiIllumi WatchKit Extension";
		};
/* End PBXContainerItemProxy section */

/* Begin PBXCopyFilesBuildPhase section */
		41F6BCF71AE7A80A005D60B0 /* Embed App Extensions */ = {
			isa = PBXCopyFilesBuildPhase;
			buildActionMask = 2147483647;
			dstPath = "";
			dstSubfolderSpec = 13;
			files = (
				41F6BCF01AE7A80A005D60B0 /* FunikiIllumi WatchKit Extension.appex in Embed App Extensions */,
			);
			name = "Embed App Extensions";
			runOnlyForDeploymentPostprocessing = 0;
		};
/* End PBXCopyFilesBuildPhase section */

/* Begin PBXFileReference section */
		4135E4AB1AEE88590026D958 /* ja */ = {isa = PBXFileReference; lastKnownFileType = text.plist.strings; name = ja; path = ja.lproj/Interface.strings; sourceTree = "<group>"; };
		4135E4AD1AEE887A0026D958 /* Base */ = {isa = PBXFileReference; lastKnownFileType = file.storyboard; name = Base; path = Base.lproj/FunikiIllumi.storyboard; sourceTree = "<group>"; };
		4135E4B01AEE887D0026D958 /* ja */ = {isa = PBXFileReference; lastKnownFileType = text.plist.strings; name = ja; path = ja.lproj/FunikiIllumi.strings; sourceTree = "<group>"; };
		4135E4BC1AEE8CC00026D958 /* Base */ = {isa = PBXFileReference; lastKnownFileType = text.plist.strings; name = Base; path = Base.lproj/Localizable.strings; sourceTree = "<group>"; };
		4135E4BE1AEE8CC20026D958 /* ja */ = {isa = PBXFileReference; lastKnownFileType = text.plist.strings; name = ja; path = ja.lproj/Localizable.strings; sourceTree = "<group>"; };
		4135E4C21AEE98580026D958 /* Base */ = {isa = PBXFileReference; lastKnownFileType = text.plist.strings; name = Base; path = Base.lproj/InfoPlist.strings; sourceTree = "<group>"; };
		4135E4C41AEE985F0026D958 /* ja */ = {isa = PBXFileReference; lastKnownFileType = text.plist.strings; name = ja; path = ja.lproj/InfoPlist.strings; sourceTree = "<group>"; };
		4135E4C51AEE99B00026D958 /* iAd.framework */ = {isa = PBXFileReference; lastKnownFileType = wrapper.framework; name = iAd.framework; path = System/Library/Frameworks/iAd.framework; sourceTree = SDKROOT; };
		414FE4221AEF2E070083B09C /* MMWormhole.h */ = {isa = PBXFileReference; fileEncoding = 4; lastKnownFileType = sourcecode.c.h; path = MMWormhole.h; sourceTree = "<group>"; };
		414FE4231AEF2E070083B09C /* MMWormhole.m */ = {isa = PBXFileReference; fileEncoding = 4; lastKnownFileType = sourcecode.c.objc; path = MMWormhole.m; sourceTree = "<group>"; };
		414FE4261AEF33E20083B09C /* FunikiIllumi.entitlements */ = {isa = PBXFileReference; lastKnownFileType = text.xml; name = FunikiIllumi.entitlements; path = FunikiIllumi/FunikiIllumi.entitlements; sourceTree = SOURCE_ROOT; };
		414FE4271AEF33F70083B09C /* FunikiIllumi WatchKit Extension.entitlements */ = {isa = PBXFileReference; lastKnownFileType = text.xml; path = "FunikiIllumi WatchKit Extension.entitlements"; sourceTree = "<group>"; };
		41F43C6D1AE745D200B3F400 /* FunikiIllumi-Bridging-Header.h */ = {isa = PBXFileReference; lastKnownFileType = sourcecode.c.h; path = "FunikiIllumi-Bridging-Header.h"; sourceTree = "<group>"; };
		41F43C6E1AE7463600B3F400 /* AppDelegate.swift */ = {isa = PBXFileReference; fileEncoding = 4; lastKnownFileType = sourcecode.swift; name = AppDelegate.swift; path = FunikiIllumi/AppDelegate.swift; sourceTree = SOURCE_ROOT; };
		41F43C6F1AE7463600B3F400 /* FunikiDevicePickerViewController.swift */ = {isa = PBXFileReference; fileEncoding = 4; lastKnownFileType = sourcecode.swift; name = FunikiDevicePickerViewController.swift; path = FunikiIllumi/FunikiDevicePickerViewController.swift; sourceTree = SOURCE_ROOT; };
		41F43C711AE7463600B3F400 /* FunikiIllumiMotionViewController.swift */ = {isa = PBXFileReference; fileEncoding = 4; lastKnownFileType = sourcecode.swift; name = FunikiIllumiMotionViewController.swift; path = FunikiIllumi/FunikiIllumiMotionViewController.swift; sourceTree = SOURCE_ROOT; };
		41F43C721AE7463600B3F400 /* FunikiIllumiViewController.swift */ = {isa = PBXFileReference; fileEncoding = 4; lastKnownFileType = sourcecode.swift; name = FunikiIllumiViewController.swift; path = FunikiIllumi/FunikiIllumiViewController.swift; sourceTree = SOURCE_ROOT; };
		41F43C781AE7464600B3F400 /* Images.xcassets */ = {isa = PBXFileReference; lastKnownFileType = folder.assetcatalog; name = Images.xcassets; path = FunikiIllumi/Images.xcassets; sourceTree = SOURCE_ROOT; };
		41F43C931AE7465800B3F400 /* Info.plist */ = {isa = PBXFileReference; fileEncoding = 4; lastKnownFileType = text.plist.xml; name = Info.plist; path = FunikiIllumi/Info.plist; sourceTree = SOURCE_ROOT; };
		41F6BCD81AE7A80A005D60B0 /* FunikiIllumi WatchKit Extension.appex */ = {isa = PBXFileReference; explicitFileType = "wrapper.app-extension"; includeInIndex = 0; path = "FunikiIllumi WatchKit Extension.appex"; sourceTree = BUILT_PRODUCTS_DIR; };
		41F6BCDB1AE7A80A005D60B0 /* Info.plist */ = {isa = PBXFileReference; lastKnownFileType = text.plist.xml; path = Info.plist; sourceTree = "<group>"; };
		41F6BCDC1AE7A80A005D60B0 /* InterfaceController.swift */ = {isa = PBXFileReference; lastKnownFileType = sourcecode.swift; path = InterfaceController.swift; sourceTree = "<group>"; };
		41F6BCDE1AE7A80A005D60B0 /* Images.xcassets */ = {isa = PBXFileReference; lastKnownFileType = folder.assetcatalog; path = Images.xcassets; sourceTree = "<group>"; };
		41F6BCE21AE7A80A005D60B0 /* FunikiIllumi WatchKit App.app */ = {isa = PBXFileReference; explicitFileType = wrapper.application; includeInIndex = 0; path = "FunikiIllumi WatchKit App.app"; sourceTree = BUILT_PRODUCTS_DIR; };
		41F6BCE81AE7A80A005D60B0 /* Info.plist */ = {isa = PBXFileReference; lastKnownFileType = text.plist.xml; path = Info.plist; sourceTree = "<group>"; };
		41F6BCEA1AE7A80A005D60B0 /* Base */ = {isa = PBXFileReference; lastKnownFileType = file.storyboard; name = Base; path = Base.lproj/Interface.storyboard; sourceTree = "<group>"; };
		41F6BCEC1AE7A80A005D60B0 /* Images.xcassets */ = {isa = PBXFileReference; lastKnownFileType = folder.assetcatalog; path = Images.xcassets; sourceTree = "<group>"; };
		41F6BCF81AE7E7B0005D60B0 /* LaunchScreen.xib */ = {isa = PBXFileReference; fileEncoding = 4; lastKnownFileType = file.xib; name = LaunchScreen.xib; path = FunikiIllumi/LaunchScreen.xib; sourceTree = SOURCE_ROOT; };
		8C79FE051A7DBEB80091F040 /* FunikiIllumi.app */ = {isa = PBXFileReference; explicitFileType = wrapper.application; includeInIndex = 0; path = FunikiIllumi.app; sourceTree = BUILT_PRODUCTS_DIR; };
		8C79FE361A7DC0310091F040 /* libFunikiSDK.a */ = {isa = PBXFileReference; lastKnownFileType = archive.ar; path = libFunikiSDK.a; sourceTree = "<group>"; };
		8CA3099E1A8C4AB0002A2DD3 /* Funiki.m */ = {isa = PBXFileReference; fileEncoding = 4; lastKnownFileType = sourcecode.c.objc; path = Funiki.m; sourceTree = "<group>"; };
		8CA3099F1A8C4AB0002A2DD3 /* Funiki.h */ = {isa = PBXFileReference; fileEncoding = 4; lastKnownFileType = sourcecode.c.h; path = Funiki.h; sourceTree = "<group>"; };
		8CB4B2821A7F87D700A279D2 /* FunikiSDK.h */ = {isa = PBXFileReference; fileEncoding = 4; lastKnownFileType = sourcecode.c.h; path = FunikiSDK.h; sourceTree = "<group>"; };
		8CB4B2831A7F87D700A279D2 /* MADiscoveredPeripheral.h */ = {isa = PBXFileReference; fileEncoding = 4; lastKnownFileType = sourcecode.c.h; path = MADiscoveredPeripheral.h; sourceTree = "<group>"; };
		8CB4B2841A7F87D700A279D2 /* MAFunikiAccelerationData.h */ = {isa = PBXFileReference; fileEncoding = 4; lastKnownFileType = sourcecode.c.h; path = MAFunikiAccelerationData.h; sourceTree = "<group>"; };
		8CB4B2851A7F87D700A279D2 /* MAFunikiManager.h */ = {isa = PBXFileReference; fileEncoding = 4; lastKnownFileType = sourcecode.c.h; path = MAFunikiManager.h; sourceTree = "<group>"; };
		8CB4B2861A7F87D700A279D2 /* MAFunikiMotionData.h */ = {isa = PBXFileReference; fileEncoding = 4; lastKnownFileType = sourcecode.c.h; path = MAFunikiMotionData.h; sourceTree = "<group>"; };
		8CB4B2871A7F87D700A279D2 /* MAFunikiRotationRateData.h */ = {isa = PBXFileReference; fileEncoding = 4; lastKnownFileType = sourcecode.c.h; path = MAFunikiRotationRateData.h; sourceTree = "<group>"; };
/* End PBXFileReference section */

/* Begin PBXFrameworksBuildPhase section */
		41F6BCD51AE7A80A005D60B0 /* Frameworks */ = {
			isa = PBXFrameworksBuildPhase;
			buildActionMask = 2147483647;
			files = (
			);
			runOnlyForDeploymentPostprocessing = 0;
		};
		8C79FE021A7DBEB80091F040 /* Frameworks */ = {
			isa = PBXFrameworksBuildPhase;
			buildActionMask = 2147483647;
			files = (
				4135E4C61AEE99B00026D958 /* iAd.framework in Frameworks */,
				8C79FE371A7DC0310091F040 /* libFunikiSDK.a in Frameworks */,
			);
			runOnlyForDeploymentPostprocessing = 0;
		};
/* End PBXFrameworksBuildPhase section */

/* Begin PBXGroup section */
		414FE4211AEF2E070083B09C /* MMWormhole */ = {
			isa = PBXGroup;
			children = (
				414FE4221AEF2E070083B09C /* MMWormhole.h */,
				414FE4231AEF2E070083B09C /* MMWormhole.m */,
			);
			path = MMWormhole;
			sourceTree = "<group>";
		};
		41F6BCD91AE7A80A005D60B0 /* FunikiIllumi WatchKit Extension */ = {
			isa = PBXGroup;
			children = (
				414FE4271AEF33F70083B09C /* FunikiIllumi WatchKit Extension.entitlements */,
				41F6BCDC1AE7A80A005D60B0 /* InterfaceController.swift */,
				41F6BCDE1AE7A80A005D60B0 /* Images.xcassets */,
				41F6BCDA1AE7A80A005D60B0 /* Supporting Files */,
			);
			path = "FunikiIllumi WatchKit Extension";
			sourceTree = "<group>";
		};
		41F6BCDA1AE7A80A005D60B0 /* Supporting Files */ = {
			isa = PBXGroup;
			children = (
				41F6BCDB1AE7A80A005D60B0 /* Info.plist */,
			);
			name = "Supporting Files";
			sourceTree = "<group>";
		};
		41F6BCE61AE7A80A005D60B0 /* FunikiIllumi WatchKit App */ = {
			isa = PBXGroup;
			children = (
				41F6BCE91AE7A80A005D60B0 /* Interface.storyboard */,
				41F6BCEC1AE7A80A005D60B0 /* Images.xcassets */,
				41F6BCE71AE7A80A005D60B0 /* Supporting Files */,
			);
			path = "FunikiIllumi WatchKit App";
			sourceTree = "<group>";
		};
		41F6BCE71AE7A80A005D60B0 /* Supporting Files */ = {
			isa = PBXGroup;
			children = (
				41F6BCE81AE7A80A005D60B0 /* Info.plist */,
			);
			name = "Supporting Files";
			sourceTree = "<group>";
		};
		8C79FDFC1A7DBEB80091F040 = {
			isa = PBXGroup;
			children = (
				8C79FE071A7DBEB80091F040 /* FunikiIllumi */,
				41F6BCD91AE7A80A005D60B0 /* FunikiIllumi WatchKit Extension */,
				41F6BCE61AE7A80A005D60B0 /* FunikiIllumi WatchKit App */,
				41F43C6D1AE745D200B3F400 /* FunikiIllumi-Bridging-Header.h */,
				8C79FE2D1A7DC0310091F040 /* FunikiSDK */,
				414FE4211AEF2E070083B09C /* MMWormhole */,
				4135E4C51AEE99B00026D958 /* iAd.framework */,
				8C79FE061A7DBEB80091F040 /* Products */,
			);
			sourceTree = "<group>";
		};
		8C79FE061A7DBEB80091F040 /* Products */ = {
			isa = PBXGroup;
			children = (
				8C79FE051A7DBEB80091F040 /* FunikiIllumi.app */,
				41F6BCD81AE7A80A005D60B0 /* FunikiIllumi WatchKit Extension.appex */,
				41F6BCE21AE7A80A005D60B0 /* FunikiIllumi WatchKit App.app */,
			);
			name = Products;
			sourceTree = "<group>";
		};
		8C79FE071A7DBEB80091F040 /* FunikiIllumi */ = {
			isa = PBXGroup;
			children = (
				414FE4261AEF33E20083B09C /* FunikiIllumi.entitlements */,
				41F43C6E1AE7463600B3F400 /* AppDelegate.swift */,
				41F43C6F1AE7463600B3F400 /* FunikiDevicePickerViewController.swift */,
				41F43C721AE7463600B3F400 /* FunikiIllumiViewController.swift */,
				41F43C711AE7463600B3F400 /* FunikiIllumiMotionViewController.swift */,
				4135E4AE1AEE887A0026D958 /* FunikiIllumi.storyboard */,
				4135E4BD1AEE8CC00026D958 /* Localizable.strings */,
				41F43C781AE7464600B3F400 /* Images.xcassets */,
				41F6BCF81AE7E7B0005D60B0 /* LaunchScreen.xib */,
				8C79FE081A7DBEB80091F040 /* Supporting Files */,
			);
			name = FunikiIllumi;
			path = FunikiSDKExampleSwift;
			sourceTree = "<group>";
		};
		8C79FE081A7DBEB80091F040 /* Supporting Files */ = {
			isa = PBXGroup;
			children = (
				41F43C931AE7465800B3F400 /* Info.plist */,
				4135E4C31AEE98580026D958 /* InfoPlist.strings */,
			);
			name = "Supporting Files";
			sourceTree = "<group>";
		};
		8C79FE2D1A7DC0310091F040 /* FunikiSDK */ = {
			isa = PBXGroup;
			children = (
				8CB4B2821A7F87D700A279D2 /* FunikiSDK.h */,
				8CA3099F1A8C4AB0002A2DD3 /* Funiki.h */,
				8CA3099E1A8C4AB0002A2DD3 /* Funiki.m */,
				8CB4B2831A7F87D700A279D2 /* MADiscoveredPeripheral.h */,
				8CB4B2841A7F87D700A279D2 /* MAFunikiAccelerationData.h */,
				8CB4B2851A7F87D700A279D2 /* MAFunikiManager.h */,
				8CB4B2861A7F87D700A279D2 /* MAFunikiMotionData.h */,
				8CB4B2871A7F87D700A279D2 /* MAFunikiRotationRateData.h */,
				8C79FE361A7DC0310091F040 /* libFunikiSDK.a */,
			);
			path = FunikiSDK;
			sourceTree = "<group>";
		};
/* End PBXGroup section */

/* Begin PBXNativeTarget section */
		41F6BCD71AE7A80A005D60B0 /* FunikiIllumi WatchKit Extension */ = {
			isa = PBXNativeTarget;
			buildConfigurationList = 41F6BCF41AE7A80A005D60B0 /* Build configuration list for PBXNativeTarget "FunikiIllumi WatchKit Extension" */;
			buildPhases = (
				41F6BCD41AE7A80A005D60B0 /* Sources */,
				41F6BCD51AE7A80A005D60B0 /* Frameworks */,
				41F6BCD61AE7A80A005D60B0 /* Resources */,
			);
			buildRules = (
			);
			dependencies = (
				41F6BCE51AE7A80A005D60B0 /* PBXTargetDependency */,
			);
			name = "FunikiIllumi WatchKit Extension";
			productName = "FunikiIllumi WatchKit Extension";
			productReference = 41F6BCD81AE7A80A005D60B0 /* FunikiIllumi WatchKit Extension.appex */;
			productType = "com.apple.product-type.watchkit-extension";
		};
		41F6BCE11AE7A80A005D60B0 /* FunikiIllumi WatchKit App */ = {
			isa = PBXNativeTarget;
			buildConfigurationList = 41F6BCF11AE7A80A005D60B0 /* Build configuration list for PBXNativeTarget "FunikiIllumi WatchKit App" */;
			buildPhases = (
				41F6BCE01AE7A80A005D60B0 /* Resources */,
			);
			buildRules = (
			);
			dependencies = (
			);
			name = "FunikiIllumi WatchKit App";
			productName = "FunikiIllumi WatchKit App";
			productReference = 41F6BCE21AE7A80A005D60B0 /* FunikiIllumi WatchKit App.app */;
			productType = "com.apple.product-type.application.watchapp";
		};
		8C79FE041A7DBEB80091F040 /* FunikiIllumi */ = {
			isa = PBXNativeTarget;
			buildConfigurationList = 8C79FE241A7DBEB80091F040 /* Build configuration list for PBXNativeTarget "FunikiIllumi" */;
			buildPhases = (
				8C79FE011A7DBEB80091F040 /* Sources */,
				8C79FE021A7DBEB80091F040 /* Frameworks */,
				8C79FE031A7DBEB80091F040 /* Resources */,
				41F6BCF71AE7A80A005D60B0 /* Embed App Extensions */,
			);
			buildRules = (
			);
			dependencies = (
				41F6BCEF1AE7A80A005D60B0 /* PBXTargetDependency */,
			);
			name = FunikiIllumi;
			productName = FunikiSDKExampleSwift;
			productReference = 8C79FE051A7DBEB80091F040 /* FunikiIllumi.app */;
			productType = "com.apple.product-type.application";
		};
/* End PBXNativeTarget section */

/* Begin PBXProject section */
		8C79FDFD1A7DBEB80091F040 /* Project object */ = {
			isa = PBXProject;
			attributes = {
				LastUpgradeCheck = 0630;
				ORGANIZATIONNAME = "Matilde Inc.";
				TargetAttributes = {
					41F6BCD71AE7A80A005D60B0 = {
						CreatedOnToolsVersion = 6.3.1;
						DevelopmentTeam = 2D3LDXJ36E;
						SystemCapabilities = {
							com.apple.ApplicationGroups.iOS = {
								enabled = 1;
							};
						};
					};
					41F6BCE11AE7A80A005D60B0 = {
						CreatedOnToolsVersion = 6.3.1;
					};
					8C79FE041A7DBEB80091F040 = {
						CreatedOnToolsVersion = 6.1.1;
						DevelopmentTeam = 2D3LDXJ36E;
						SystemCapabilities = {
							com.apple.ApplicationGroups.iOS = {
								enabled = 1;
							};
						};
					};
				};
			};
			buildConfigurationList = 8C79FE001A7DBEB80091F040 /* Build configuration list for PBXProject "FunikiIllumi" */;
			compatibilityVersion = "Xcode 3.2";
			developmentRegion = English;
			hasScannedForEncodings = 0;
			knownRegions = (
				Base,
				ja,
			);
			mainGroup = 8C79FDFC1A7DBEB80091F040;
			productRefGroup = 8C79FE061A7DBEB80091F040 /* Products */;
			projectDirPath = "";
			projectRoot = "";
			targets = (
				8C79FE041A7DBEB80091F040 /* FunikiIllumi */,
				41F6BCD71AE7A80A005D60B0 /* FunikiIllumi WatchKit Extension */,
				41F6BCE11AE7A80A005D60B0 /* FunikiIllumi WatchKit App */,
			);
		};
/* End PBXProject section */

/* Begin PBXResourcesBuildPhase section */
		41F6BCD61AE7A80A005D60B0 /* Resources */ = {
			isa = PBXResourcesBuildPhase;
			buildActionMask = 2147483647;
			files = (
				41F6BCE31AE7A80A005D60B0 /* FunikiIllumi WatchKit App.app in Resources */,
				41F6BCDF1AE7A80A005D60B0 /* Images.xcassets in Resources */,
			);
			runOnlyForDeploymentPostprocessing = 0;
		};
		41F6BCE01AE7A80A005D60B0 /* Resources */ = {
			isa = PBXResourcesBuildPhase;
			buildActionMask = 2147483647;
			files = (
				41F6BCEB1AE7A80A005D60B0 /* Interface.storyboard in Resources */,
				41F6BCED1AE7A80A005D60B0 /* Images.xcassets in Resources */,
			);
			runOnlyForDeploymentPostprocessing = 0;
		};
		8C79FE031A7DBEB80091F040 /* Resources */ = {
			isa = PBXResourcesBuildPhase;
			buildActionMask = 2147483647;
			files = (
				41F43C791AE7464600B3F400 /* Images.xcassets in Resources */,
				4135E4BB1AEE8CC00026D958 /* Localizable.strings in Resources */,
				41F6BCF91AE7E7B0005D60B0 /* LaunchScreen.xib in Resources */,
				4135E4AC1AEE887A0026D958 /* FunikiIllumi.storyboard in Resources */,
				4135E4C11AEE98580026D958 /* InfoPlist.strings in Resources */,
			);
			runOnlyForDeploymentPostprocessing = 0;
		};
/* End PBXResourcesBuildPhase section */

/* Begin PBXSourcesBuildPhase section */
		41F6BCD41AE7A80A005D60B0 /* Sources */ = {
			isa = PBXSourcesBuildPhase;
			buildActionMask = 2147483647;
			files = (
				414FE4251AEF2E070083B09C /* MMWormhole.m in Sources */,
				41F6BCDD1AE7A80A005D60B0 /* InterfaceController.swift in Sources */,
			);
			runOnlyForDeploymentPostprocessing = 0;
		};
		8C79FE011A7DBEB80091F040 /* Sources */ = {
			isa = PBXSourcesBuildPhase;
			buildActionMask = 2147483647;
			files = (
				41F43C761AE7463600B3F400 /* FunikiIllumiMotionViewController.swift in Sources */,
				41F43C731AE7463600B3F400 /* AppDelegate.swift in Sources */,
				414FE4241AEF2E070083B09C /* MMWormhole.m in Sources */,
				8CA309A01A8C4AB0002A2DD3 /* Funiki.m in Sources */,
				41F43C741AE7463600B3F400 /* FunikiDevicePickerViewController.swift in Sources */,
				41F43C771AE7463600B3F400 /* FunikiIllumiViewController.swift in Sources */,
			);
			runOnlyForDeploymentPostprocessing = 0;
		};
/* End PBXSourcesBuildPhase section */

/* Begin PBXTargetDependency section */
		41F6BCE51AE7A80A005D60B0 /* PBXTargetDependency */ = {
			isa = PBXTargetDependency;
			target = 41F6BCE11AE7A80A005D60B0 /* FunikiIllumi WatchKit App */;
			targetProxy = 41F6BCE41AE7A80A005D60B0 /* PBXContainerItemProxy */;
		};
		41F6BCEF1AE7A80A005D60B0 /* PBXTargetDependency */ = {
			isa = PBXTargetDependency;
			target = 41F6BCD71AE7A80A005D60B0 /* FunikiIllumi WatchKit Extension */;
			targetProxy = 41F6BCEE1AE7A80A005D60B0 /* PBXContainerItemProxy */;
		};
/* End PBXTargetDependency section */

/* Begin PBXVariantGroup section */
		4135E4AE1AEE887A0026D958 /* FunikiIllumi.storyboard */ = {
			isa = PBXVariantGroup;
			children = (
				4135E4AD1AEE887A0026D958 /* Base */,
				4135E4B01AEE887D0026D958 /* ja */,
			);
			name = FunikiIllumi.storyboard;
			path = FunikiIllumi;
			sourceTree = SOURCE_ROOT;
		};
		4135E4BD1AEE8CC00026D958 /* Localizable.strings */ = {
			isa = PBXVariantGroup;
			children = (
				4135E4BC1AEE8CC00026D958 /* Base */,
				4135E4BE1AEE8CC20026D958 /* ja */,
			);
			name = Localizable.strings;
			path = FunikiIllumi;
			sourceTree = SOURCE_ROOT;
		};
		4135E4C31AEE98580026D958 /* InfoPlist.strings */ = {
			isa = PBXVariantGroup;
			children = (
				4135E4C21AEE98580026D958 /* Base */,
				4135E4C41AEE985F0026D958 /* ja */,
			);
			name = InfoPlist.strings;
			sourceTree = SOURCE_ROOT;
		};
		41F6BCE91AE7A80A005D60B0 /* Interface.storyboard */ = {
			isa = PBXVariantGroup;
			children = (
				41F6BCEA1AE7A80A005D60B0 /* Base */,
				4135E4AB1AEE88590026D958 /* ja */,
			);
			name = Interface.storyboard;
			sourceTree = "<group>";
		};
/* End PBXVariantGroup section */

/* Begin XCBuildConfiguration section */
		41F6BCF21AE7A80A005D60B0 /* Debug */ = {
			isa = XCBuildConfiguration;
			buildSettings = {
				ASSETCATALOG_COMPILER_APPICON_NAME = AppIcon;
				CODE_SIGN_IDENTITY = "iPhone Developer: Masayuki Akamatsu (9FR9QEVWM5)";
				"CODE_SIGN_IDENTITY[sdk=iphoneos*]" = "iPhone Developer: Masayuki Akamatsu (9FR9QEVWM5)";
				DEBUG_INFORMATION_FORMAT = "dwarf-with-dsym";
				GCC_NO_COMMON_BLOCKS = YES;
				GCC_PREPROCESSOR_DEFINITIONS = (
					"DEBUG=1",
					"$(inherited)",
				);
				IBSC_MODULE = FunikiIllumi_WatchKit_Extension;
				INFOPLIST_FILE = "FunikiIllumi WatchKit App/Info.plist";
				IPHONEOS_DEPLOYMENT_TARGET = 8.2;
				PRODUCT_NAME = "$(TARGET_NAME)";
				PROVISIONING_PROFILE = "41a586f2-1b01-43c5-ac19-5b84488b332d";
				SKIP_INSTALL = YES;
				TARGETED_DEVICE_FAMILY = 4;
				"TARGETED_DEVICE_FAMILY[sdk=iphonesimulator*]" = "1,4";
			};
			name = Debug;
		};
		41F6BCF31AE7A80A005D60B0 /* Release */ = {
			isa = XCBuildConfiguration;
			buildSettings = {
				ASSETCATALOG_COMPILER_APPICON_NAME = AppIcon;
				CODE_SIGN_IDENTITY = "iPhone Distribution: Masayuki Akamatsu (2D3LDXJ36E)";
				"CODE_SIGN_IDENTITY[sdk=iphoneos*]" = "iPhone Distribution: Masayuki Akamatsu (2D3LDXJ36E)";
				COPY_PHASE_STRIP = NO;
				DEBUG_INFORMATION_FORMAT = "dwarf-with-dsym";
				GCC_NO_COMMON_BLOCKS = YES;
				IBSC_MODULE = FunikiIllumi_WatchKit_Extension;
				INFOPLIST_FILE = "FunikiIllumi WatchKit App/Info.plist";
				IPHONEOS_DEPLOYMENT_TARGET = 8.2;
				PRODUCT_NAME = "$(TARGET_NAME)";
				PROVISIONING_PROFILE = "41a586f2-1b01-43c5-ac19-5b84488b332d";
				SKIP_INSTALL = YES;
				TARGETED_DEVICE_FAMILY = 4;
				"TARGETED_DEVICE_FAMILY[sdk=iphonesimulator*]" = "1,4";
			};
			name = Release;
		};
		41F6BCF51AE7A80A005D60B0 /* Debug */ = {
			isa = XCBuildConfiguration;
			buildSettings = {
				CODE_SIGN_ENTITLEMENTS = "FunikiIllumi WatchKit Extension/FunikiIllumi WatchKit Extension.entitlements";
				CODE_SIGN_IDENTITY = "iPhone Developer: Masayuki Akamatsu (9FR9QEVWM5)";
				"CODE_SIGN_IDENTITY[sdk=iphoneos*]" = "iPhone Developer: Masayuki Akamatsu (9FR9QEVWM5)";
				DEBUG_INFORMATION_FORMAT = "dwarf-with-dsym";
				GCC_NO_COMMON_BLOCKS = YES;
				GCC_PREPROCESSOR_DEFINITIONS = (
					"DEBUG=1",
					"$(inherited)",
				);
				INFOPLIST_FILE = "FunikiIllumi WatchKit Extension/Info.plist";
				IPHONEOS_DEPLOYMENT_TARGET = 8.2;
				LD_RUNPATH_SEARCH_PATHS = "$(inherited) @executable_path/Frameworks @executable_path/../../Frameworks";
				PRODUCT_NAME = "${TARGET_NAME}";
				PROVISIONING_PROFILE = "c2e89f37-577d-4f78-b94a-c7b98b9b2b46";
				SKIP_INSTALL = YES;
				SWIFT_OBJC_BRIDGING_HEADER = "FunikiIllumi-Bridging-Header.h";
			};
			name = Debug;
		};
		41F6BCF61AE7A80A005D60B0 /* Release */ = {
			isa = XCBuildConfiguration;
			buildSettings = {
				CODE_SIGN_ENTITLEMENTS = "FunikiIllumi WatchKit Extension/FunikiIllumi WatchKit Extension.entitlements";
				CODE_SIGN_IDENTITY = "iPhone Developer";
				"CODE_SIGN_IDENTITY[sdk=iphoneos*]" = "iPhone Developer";
				COPY_PHASE_STRIP = NO;
				DEBUG_INFORMATION_FORMAT = "dwarf-with-dsym";
				GCC_NO_COMMON_BLOCKS = YES;
				INFOPLIST_FILE = "FunikiIllumi WatchKit Extension/Info.plist";
				IPHONEOS_DEPLOYMENT_TARGET = 8.2;
				LD_RUNPATH_SEARCH_PATHS = "$(inherited) @executable_path/Frameworks @executable_path/../../Frameworks";
				PRODUCT_NAME = "${TARGET_NAME}";
				PROVISIONING_PROFILE = "c2e89f37-577d-4f78-b94a-c7b98b9b2b46";
				SKIP_INSTALL = YES;
				SWIFT_OBJC_BRIDGING_HEADER = "FunikiIllumi-Bridging-Header.h";
			};
			name = Release;
		};
		8C79FE221A7DBEB80091F040 /* Debug */ = {
			isa = XCBuildConfiguration;
			buildSettings = {
				ALWAYS_SEARCH_USER_PATHS = NO;
				CLANG_CXX_LANGUAGE_STANDARD = "gnu++0x";
				CLANG_CXX_LIBRARY = "libc++";
				CLANG_ENABLE_MODULES = YES;
				CLANG_ENABLE_OBJC_ARC = YES;
				CLANG_WARN_BOOL_CONVERSION = YES;
				CLANG_WARN_CONSTANT_CONVERSION = YES;
				CLANG_WARN_DIRECT_OBJC_ISA_USAGE = YES_ERROR;
				CLANG_WARN_EMPTY_BODY = YES;
				CLANG_WARN_ENUM_CONVERSION = YES;
				CLANG_WARN_INT_CONVERSION = YES;
				CLANG_WARN_OBJC_ROOT_CLASS = YES_ERROR;
				CLANG_WARN_UNREACHABLE_CODE = YES;
				CLANG_WARN__DUPLICATE_METHOD_MATCH = YES;
				"CODE_SIGN_IDENTITY[sdk=iphoneos*]" = "iPhone Developer";
				COPY_PHASE_STRIP = NO;
				ENABLE_STRICT_OBJC_MSGSEND = YES;
				GCC_C_LANGUAGE_STANDARD = gnu99;
				GCC_DYNAMIC_NO_PIC = NO;
				GCC_OPTIMIZATION_LEVEL = 0;
				GCC_PREPROCESSOR_DEFINITIONS = (
					"DEBUG=1",
					"$(inherited)",
				);
				GCC_SYMBOLS_PRIVATE_EXTERN = NO;
				GCC_WARN_64_TO_32_BIT_CONVERSION = YES;
				GCC_WARN_ABOUT_RETURN_TYPE = YES_ERROR;
				GCC_WARN_UNDECLARED_SELECTOR = YES;
				GCC_WARN_UNINITIALIZED_AUTOS = YES_AGGRESSIVE;
				GCC_WARN_UNUSED_FUNCTION = YES;
				GCC_WARN_UNUSED_VARIABLE = YES;
				IPHONEOS_DEPLOYMENT_TARGET = 8.2;
				MTL_ENABLE_DEBUG_INFO = YES;
				ONLY_ACTIVE_ARCH = YES;
				SDKROOT = iphoneos;
				SWIFT_OPTIMIZATION_LEVEL = "-Onone";
			};
			name = Debug;
		};
		8C79FE231A7DBEB80091F040 /* Release */ = {
			isa = XCBuildConfiguration;
			buildSettings = {
				ALWAYS_SEARCH_USER_PATHS = NO;
				CLANG_CXX_LANGUAGE_STANDARD = "gnu++0x";
				CLANG_CXX_LIBRARY = "libc++";
				CLANG_ENABLE_MODULES = YES;
				CLANG_ENABLE_OBJC_ARC = YES;
				CLANG_WARN_BOOL_CONVERSION = YES;
				CLANG_WARN_CONSTANT_CONVERSION = YES;
				CLANG_WARN_DIRECT_OBJC_ISA_USAGE = YES_ERROR;
				CLANG_WARN_EMPTY_BODY = YES;
				CLANG_WARN_ENUM_CONVERSION = YES;
				CLANG_WARN_INT_CONVERSION = YES;
				CLANG_WARN_OBJC_ROOT_CLASS = YES_ERROR;
				CLANG_WARN_UNREACHABLE_CODE = YES;
				CLANG_WARN__DUPLICATE_METHOD_MATCH = YES;
				"CODE_SIGN_IDENTITY[sdk=iphoneos*]" = "iPhone Developer";
				COPY_PHASE_STRIP = YES;
				ENABLE_NS_ASSERTIONS = NO;
				ENABLE_STRICT_OBJC_MSGSEND = YES;
				GCC_C_LANGUAGE_STANDARD = gnu99;
				GCC_WARN_64_TO_32_BIT_CONVERSION = YES;
				GCC_WARN_ABOUT_RETURN_TYPE = YES_ERROR;
				GCC_WARN_UNDECLARED_SELECTOR = YES;
				GCC_WARN_UNINITIALIZED_AUTOS = YES_AGGRESSIVE;
				GCC_WARN_UNUSED_FUNCTION = YES;
				GCC_WARN_UNUSED_VARIABLE = YES;
				IPHONEOS_DEPLOYMENT_TARGET = 8.2;
				MTL_ENABLE_DEBUG_INFO = NO;
				SDKROOT = iphoneos;
				VALIDATE_PRODUCT = YES;
			};
			name = Release;
		};
		8C79FE251A7DBEB80091F040 /* Debug */ = {
			isa = XCBuildConfiguration;
			buildSettings = {
				ASSETCATALOG_COMPILER_APPICON_NAME = AppIcon;
				CLANG_ENABLE_MODULES = YES;
				CODE_SIGN_ENTITLEMENTS = FunikiIllumi/FunikiIllumi.entitlements;
				CODE_SIGN_IDENTITY = "iPhone Developer: Masayuki Akamatsu (9FR9QEVWM5)";
				"CODE_SIGN_IDENTITY[sdk=iphoneos*]" = "iPhone Developer: Masayuki Akamatsu (9FR9QEVWM5)";
				INFOPLIST_FILE = FunikiIllumi/Info.plist;
				LD_RUNPATH_SEARCH_PATHS = "$(inherited) @executable_path/Frameworks";
				LIBRARY_SEARCH_PATHS = (
					"$(inherited)",
					"$(PROJECT_DIR)/FunikiSDK",
				);
				PRODUCT_NAME = "$(TARGET_NAME)";
				PROVISIONING_PROFILE = "c5a8b67a-3a8b-4afb-a3ad-40c3e5b2c2a4";
				SWIFT_OBJC_BRIDGING_HEADER = "FunikiIllumi-Bridging-Header.h";
				SWIFT_OPTIMIZATION_LEVEL = "-Onone";
				TARGETED_DEVICE_FAMILY = "1,2";
			};
			name = Debug;
		};
		8C79FE261A7DBEB80091F040 /* Release */ = {
			isa = XCBuildConfiguration;
			buildSettings = {
				ASSETCATALOG_COMPILER_APPICON_NAME = AppIcon;
				CLANG_ENABLE_MODULES = YES;
				CODE_SIGN_ENTITLEMENTS = FunikiIllumi/FunikiIllumi.entitlements;
				CODE_SIGN_IDENTITY = "iPhone Developer";
				"CODE_SIGN_IDENTITY[sdk=iphoneos*]" = "iPhone Developer";
				INFOPLIST_FILE = FunikiIllumi/Info.plist;
				LD_RUNPATH_SEARCH_PATHS = "$(inherited) @executable_path/Frameworks";
				LIBRARY_SEARCH_PATHS = (
					"$(inherited)",
					"$(PROJECT_DIR)/FunikiSDK",
				);
				PRODUCT_NAME = "$(TARGET_NAME)";
				PROVISIONING_PROFILE = "c5a8b67a-3a8b-4afb-a3ad-40c3e5b2c2a4";
				SWIFT_OBJC_BRIDGING_HEADER = "FunikiIllumi-Bridging-Header.h";
				TARGETED_DEVICE_FAMILY = "1,2";
			};
			name = Release;
		};
/* End XCBuildConfiguration section */

/* Begin XCConfigurationList section */
		41F6BCF11AE7A80A005D60B0 /* Build configuration list for PBXNativeTarget "FunikiIllumi WatchKit App" */ = {
			isa = XCConfigurationList;
			buildConfigurations = (
				41F6BCF21AE7A80A005D60B0 /* Debug */,
				41F6BCF31AE7A80A005D60B0 /* Release */,
			);
			defaultConfigurationIsVisible = 0;
			defaultConfigurationName = Release;
		};
		41F6BCF41AE7A80A005D60B0 /* Build configuration list for PBXNativeTarget "FunikiIllumi WatchKit Extension" */ = {
			isa = XCConfigurationList;
			buildConfigurations = (
				41F6BCF51AE7A80A005D60B0 /* Debug */,
				41F6BCF61AE7A80A005D60B0 /* Release */,
			);
			defaultConfigurationIsVisible = 0;
			defaultConfigurationName = Release;
		};
		8C79FE001A7DBEB80091F040 /* Build configuration list for PBXProject "FunikiIllumi" */ = {
			isa = XCConfigurationList;
			buildConfigurations = (
				8C79FE221A7DBEB80091F040 /* Debug */,
				8C79FE231A7DBEB80091F040 /* Release */,
			);
			defaultConfigurationIsVisible = 0;
			defaultConfigurationName = Release;
		};
		8C79FE241A7DBEB80091F040 /* Build configuration list for PBXNativeTarget "FunikiIllumi" */ = {
			isa = XCConfigurationList;
			buildConfigurations = (
				8C79FE251A7DBEB80091F040 /* Debug */,
				8C79FE261A7DBEB80091F040 /* Release */,
			);
			defaultConfigurationIsVisible = 0;
			defaultConfigurationName = Release;
		};
/* End XCConfigurationList section */
	};
	rootObject = 8C79FDFD1A7DBEB80091F040 /* Project object */;
}
